
Microsoft Visual Studio Solution File, Format Version 12.00
# Visual Studio Version 17
VisualStudioVersion = 17.0.31903.59
MinimumVisualStudioVersion = 10.0.40219.1
Project("{FAE04EC0-301F-11D3-BF4B-00C04F79EFBC}") = "VSMS.Application", "VSMS.Application\VSMS.Application.csproj", "{664B69D3-73E4-46BC-B7AB-CF2713D19A29}"
EndProject
Project("{FAE04EC0-301F-11D3-BF4B-00C04F79EFBC}") = "VSMS.Domain", "VSMS.Domain\VSMS.Domain.csproj", "{D995AF06-6911-4F00-BB75-C104EBFB644B}"
EndProject
Project("{FAE04EC0-301F-11D3-BF4B-00C04F79EFBC}") = "VSMS.Infrastructure", "VSMS.Infrastructure\VSMS.Infrastructure.csproj", "{DED74123-5A54-422A-91FA-1236B636D081}"
EndProject
Project("{FAE04EC0-301F-11D3-BF4B-00C04F79EFBC}") = "VSMS.Repository", "VSMS.Repository\VSMS.Repository.csproj", "{5B901DD6-AE45-4DA2-9DB3-5E55F86043C5}"
EndProject
Project("{2150E333-8FDC-42A3-9474-1A3956D46DE8}") = "IdentityService", "IdentityService", "{5DE9A2CE-4103-421E-B3A1-5AB4D1CD8D4A}"
EndProject
Project("{FAE04EC0-301F-11D3-BF4B-00C04F79EFBC}") = "VSMS.Identity.Application", "VSMS.Identity.Application\VSMS.Identity.Application.csproj", "{C35B43F6-A9D9-42FE-8978-501821A877B8}"
EndProject
Project("{FAE04EC0-301F-11D3-BF4B-00C04F79EFBC}") = "VSMS.Identity.Domain", "VSMS.Identity.Domain\VSMS.Identity.Domain.csproj", "{AA004AB3-C857-435F-9E0D-09B49F720EC9}"
EndProject
Project("{FAE04EC0-301F-11D3-BF4B-00C04F79EFBC}") = "VSMS.Identity.Repository", "VSMS.Identity.Repository\VSMS.Identity.Repository.csproj", "{B4D73818-5289-47DF-81D2-3039C5B03FF1}"
EndProject
Project("{FAE04EC0-301F-11D3-BF4B-00C04F79EFBC}") = "VSMS.Identity.Infrastructure", "VSMS.Identity.Infrastructure\VSMS.Identity.Infrastructure.csproj", "{3FA8C079-3681-4B19-BE64-62C99E9E1578}"
EndProject
Global
	GlobalSection(SolutionConfigurationPlatforms) = preSolution
		Debug|Any CPU = Debug|Any CPU
		Debug|x64 = Debug|x64
		Debug|x86 = Debug|x86
		Release|Any CPU = Release|Any CPU
		Release|x64 = Release|x64
		Release|x86 = Release|x86
	EndGlobalSection
	GlobalSection(ProjectConfigurationPlatforms) = postSolution
		{664B69D3-73E4-46BC-B7AB-CF2713D19A29}.Debug|Any CPU.ActiveCfg = Debug|Any CPU
		{664B69D3-73E4-46BC-B7AB-CF2713D19A29}.Debug|Any CPU.Build.0 = Debug|Any CPU
		{664B69D3-73E4-46BC-B7AB-CF2713D19A29}.Debug|x64.ActiveCfg = Debug|Any CPU
		{664B69D3-73E4-46BC-B7AB-CF2713D19A29}.Debug|x64.Build.0 = Debug|Any CPU
		{664B69D3-73E4-46BC-B7AB-CF2713D19A29}.Debug|x86.ActiveCfg = Debug|Any CPU
		{664B69D3-73E4-46BC-B7AB-CF2713D19A29}.Debug|x86.Build.0 = Debug|Any CPU
		{664B69D3-73E4-46BC-B7AB-CF2713D19A29}.Release|Any CPU.ActiveCfg = Release|Any CPU
		{664B69D3-73E4-46BC-B7AB-CF2713D19A29}.Release|Any CPU.Build.0 = Release|Any CPU
		{664B69D3-73E4-46BC-B7AB-CF2713D19A29}.Release|x64.ActiveCfg = Release|Any CPU
		{664B69D3-73E4-46BC-B7AB-CF2713D19A29}.Release|x64.Build.0 = Release|Any CPU
		{664B69D3-73E4-46BC-B7AB-CF2713D19A29}.Release|x86.ActiveCfg = Release|Any CPU
		{664B69D3-73E4-46BC-B7AB-CF2713D19A29}.Release|x86.Build.0 = Release|Any CPU
		{D995AF06-6911-4F00-BB75-C104EBFB644B}.Debug|Any CPU.ActiveCfg = Debug|Any CPU
		{D995AF06-6911-4F00-BB75-C104EBFB644B}.Debug|Any CPU.Build.0 = Debug|Any CPU
		{D995AF06-6911-4F00-BB75-C104EBFB644B}.Debug|x64.ActiveCfg = Debug|Any CPU
		{D995AF06-6911-4F00-BB75-C104EBFB644B}.Debug|x64.Build.0 = Debug|Any CPU
		{D995AF06-6911-4F00-BB75-C104EBFB644B}.Debug|x86.ActiveCfg = Debug|Any CPU
		{D995AF06-6911-4F00-BB75-C104EBFB644B}.Debug|x86.Build.0 = Debug|Any CPU
		{D995AF06-6911-4F00-BB75-C104EBFB644B}.Release|Any CPU.ActiveCfg = Release|Any CPU
		{D995AF06-6911-4F00-BB75-C104EBFB644B}.Release|Any CPU.Build.0 = Release|Any CPU
		{D995AF06-6911-4F00-BB75-C104EBFB644B}.Release|x64.ActiveCfg = Release|Any CPU
		{D995AF06-6911-4F00-BB75-C104EBFB644B}.Release|x64.Build.0 = Release|Any CPU
		{D995AF06-6911-4F00-BB75-C104EBFB644B}.Release|x86.ActiveCfg = Release|Any CPU
		{D995AF06-6911-4F00-BB75-C104EBFB644B}.Release|x86.Build.0 = Release|Any CPU
		{DED74123-5A54-422A-91FA-1236B636D081}.Debug|Any CPU.ActiveCfg = Debug|Any CPU
		{DED74123-5A54-422A-91FA-1236B636D081}.Debug|Any CPU.Build.0 = Debug|Any CPU
		{DED74123-5A54-422A-91FA-1236B636D081}.Debug|x64.ActiveCfg = Debug|Any CPU
		{DED74123-5A54-422A-91FA-1236B636D081}.Debug|x64.Build.0 = Debug|Any CPU
		{DED74123-5A54-422A-91FA-1236B636D081}.Debug|x86.ActiveCfg = Debug|Any CPU
		{DED74123-5A54-422A-91FA-1236B636D081}.Debug|x86.Build.0 = Debug|Any CPU
		{DED74123-5A54-422A-91FA-1236B636D081}.Release|Any CPU.ActiveCfg = Release|Any CPU
		{DED74123-5A54-422A-91FA-1236B636D081}.Release|Any CPU.Build.0 = Release|Any CPU
		{DED74123-5A54-422A-91FA-1236B636D081}.Release|x64.ActiveCfg = Release|Any CPU
		{DED74123-5A54-422A-91FA-1236B636D081}.Release|x64.Build.0 = Release|Any CPU
		{DED74123-5A54-422A-91FA-1236B636D081}.Release|x86.ActiveCfg = Release|Any CPU
		{DED74123-5A54-422A-91FA-1236B636D081}.Release|x86.Build.0 = Release|Any CPU
		{5B901DD6-AE45-4DA2-9DB3-5E55F86043C5}.Debug|Any CPU.ActiveCfg = Debug|Any CPU
		{5B901DD6-AE45-4DA2-9DB3-5E55F86043C5}.Debug|Any CPU.Build.0 = Debug|Any CPU
		{5B901DD6-AE45-4DA2-9DB3-5E55F86043C5}.Debug|x64.ActiveCfg = Debug|Any CPU
		{5B901DD6-AE45-4DA2-9DB3-5E55F86043C5}.Debug|x64.Build.0 = Debug|Any CPU
		{5B901DD6-AE45-4DA2-9DB3-5E55F86043C5}.Debug|x86.ActiveCfg = Debug|Any CPU
		{5B901DD6-AE45-4DA2-9DB3-5E55F86043C5}.Debug|x86.Build.0 = Debug|Any CPU
		{5B901DD6-AE45-4DA2-9DB3-5E55F86043C5}.Release|Any CPU.ActiveCfg = Release|Any CPU
		{5B901DD6-AE45-4DA2-9DB3-5E55F86043C5}.Release|Any CPU.Build.0 = Release|Any CPU
		{5B901DD6-AE45-4DA2-9DB3-5E55F86043C5}.Release|x64.ActiveCfg = Release|Any CPU
		{5B901DD6-AE45-4DA2-9DB3-5E55F86043C5}.Release|x64.Build.0 = Release|Any CPU
		{5B901DD6-AE45-4DA2-9DB3-5E55F86043C5}.Release|x86.ActiveCfg = Release|Any CPU
		{5B901DD6-AE45-4DA2-9DB3-5E55F86043C5}.Release|x86.Build.0 = Release|Any CPU
		{C35B43F6-A9D9-42FE-8978-501821A877B8}.Debug|Any CPU.ActiveCfg = Debug|Any CPU
		{C35B43F6-A9D9-42FE-8978-501821A877B8}.Debug|Any CPU.Build.0 = Debug|Any CPU
		{C35B43F6-A9D9-42FE-8978-501821A877B8}.Debug|x64.ActiveCfg = Debug|Any CPU
		{C35B43F6-A9D9-42FE-8978-501821A877B8}.Debug|x64.Build.0 = Debug|Any CPU
		{C35B43F6-A9D9-42FE-8978-501821A877B8}.Debug|x86.ActiveCfg = Debug|Any CPU
		{C35B43F6-A9D9-42FE-8978-501821A877B8}.Debug|x86.Build.0 = Debug|Any CPU
		{C35B43F6-A9D9-42FE-8978-501821A877B8}.Release|Any CPU.ActiveCfg = Release|Any CPU
		{C35B43F6-A9D9-42FE-8978-501821A877B8}.Release|Any CPU.Build.0 = Release|Any CPU
		{C35B43F6-A9D9-42FE-8978-501821A877B8}.Release|x64.ActiveCfg = Release|Any CPU
		{C35B43F6-A9D9-42FE-8978-501821A877B8}.Release|x64.Build.0 = Release|Any CPU
		{C35B43F6-A9D9-42FE-8978-501821A877B8}.Release|x86.ActiveCfg = Release|Any CPU
		{C35B43F6-A9D9-42FE-8978-501821A877B8}.Release|x86.Build.0 = Release|Any CPU
		{AA004AB3-C857-435F-9E0D-09B49F720EC9}.Debug|Any CPU.ActiveCfg = Debug|Any CPU
		{AA004AB3-C857-435F-9E0D-09B49F720EC9}.Debug|Any CPU.Build.0 = Debug|Any CPU
		{AA004AB3-C857-435F-9E0D-09B49F720EC9}.Debug|x64.ActiveCfg = Debug|Any CPU
		{AA004AB3-C857-435F-9E0D-09B49F720EC9}.Debug|x64.Build.0 = Debug|Any CPU
		{AA004AB3-C857-435F-9E0D-09B49F720EC9}.Debug|x86.ActiveCfg = Debug|Any CPU
		{AA004AB3-C857-435F-9E0D-09B49F720EC9}.Debug|x86.Build.0 = Debug|Any CPU
		{AA004AB3-C857-435F-9E0D-09B49F720EC9}.Release|Any CPU.ActiveCfg = Release|Any CPU
		{AA004AB3-C857-435F-9E0D-09B49F720EC9}.Release|Any CPU.Build.0 = Release|Any CPU
		{AA004AB3-C857-435F-9E0D-09B49F720EC9}.Release|x64.ActiveCfg = Release|Any CPU
		{AA004AB3-C857-435F-9E0D-09B49F720EC9}.Release|x64.Build.0 = Release|Any CPU
		{AA004AB3-C857-435F-9E0D-09B49F720EC9}.Release|x86.ActiveCfg = Release|Any CPU
		{AA004AB3-C857-435F-9E0D-09B49F720EC9}.Release|x86.Build.0 = Release|Any CPU
		{B4D73818-5289-47DF-81D2-3039C5B03FF1}.Debug|Any CPU.ActiveCfg = Debug|Any CPU
		{B4D73818-5289-47DF-81D2-3039C5B03FF1}.Debug|Any CPU.Build.0 = Debug|Any CPU
		{B4D73818-5289-47DF-81D2-3039C5B03FF1}.Debug|x64.ActiveCfg = Debug|Any CPU
		{B4D73818-5289-47DF-81D2-3039C5B03FF1}.Debug|x64.Build.0 = Debug|Any CPU
		{B4D73818-5289-47DF-81D2-3039C5B03FF1}.Debug|x86.ActiveCfg = Debug|Any CPU
		{B4D73818-5289-47DF-81D2-3039C5B03FF1}.Debug|x86.Build.0 = Debug|Any CPU
		{B4D73818-5289-47DF-81D2-3039C5B03FF1}.Release|Any CPU.ActiveCfg = Release|Any CPU
		{B4D73818-5289-47DF-81D2-3039C5B03FF1}.Release|Any CPU.Build.0 = Release|Any CPU
		{B4D73818-5289-47DF-81D2-3039C5B03FF1}.Release|x64.ActiveCfg = Release|Any CPU
		{B4D73818-5289-47DF-81D2-3039C5B03FF1}.Release|x64.Build.0 = Release|Any CPU
		{B4D73818-5289-47DF-81D2-3039C5B03FF1}.Release|x86.ActiveCfg = Release|Any CPU
		{B4D73818-5289-47DF-81D2-3039C5B03FF1}.Release|x86.Build.0 = Release|Any CPU
		{3FA8C079-3681-4B19-BE64-62C99E9E1578}.Debug|Any CPU.ActiveCfg = Debug|Any CPU
		{3FA8C079-3681-4B19-BE64-62C99E9E1578}.Debug|Any CPU.Build.0 = Debug|Any CPU
		{3FA8C079-3681-4B19-BE64-62C99E9E1578}.Debug|x64.ActiveCfg = Debug|Any CPU
		{3FA8C079-3681-4B19-BE64-62C99E9E1578}.Debug|x64.Build.0 = Debug|Any CPU
		{3FA8C079-3681-4B19-BE64-62C99E9E1578}.Debug|x86.ActiveCfg = Debug|Any CPU
		{3FA8C079-3681-4B19-BE64-62C99E9E1578}.Debug|x86.Build.0 = Debug|Any CPU
		{3FA8C079-3681-4B19-BE64-62C99E9E1578}.Release|Any CPU.ActiveCfg = Release|Any CPU
		{3FA8C079-3681-4B19-BE64-62C99E9E1578}.Release|Any CPU.Build.0 = Release|Any CPU
		{3FA8C079-3681-4B19-BE64-62C99E9E1578}.Release|x64.ActiveCfg = Release|Any CPU
		{3FA8C079-3681-4B19-BE64-62C99E9E1578}.Release|x64.Build.0 = Release|Any CPU
		{3FA8C079-3681-4B19-BE64-62C99E9E1578}.Release|x86.ActiveCfg = Release|Any CPU
		{3FA8C079-3681-4B19-BE64-62C99E9E1578}.Release|x86.Build.0 = Release|Any CPU
	EndGlobalSection
	GlobalSection(SolutionProperties) = preSolution
		HideSolutionNode = FALSE
	EndGlobalSection
	GlobalSection(NestedProjects) = preSolution
		{C35B43F6-A9D9-42FE-8978-501821A877B8} = {5DE9A2CE-4103-421E-B3A1-5AB4D1CD8D4A}
		{AA004AB3-C857-435F-9E0D-09B49F720EC9} = {5DE9A2CE-4103-421E-B3A1-5AB4D1CD8D4A}
		{B4D73818-5289-47DF-81D2-3039C5B03FF1} = {5DE9A2CE-4103-421E-B3A1-5AB4D1CD8D4A}
		{3FA8C079-3681-4B19-BE64-62C99E9E1578} = {5DE9A2CE-4103-421E-B3A1-5AB4D1CD8D4A}
	EndGlobalSection
EndGlobal
